{
  "name": "cleatapi-cli",
  "version": "0.1.0",
  "lockfileVersion": 3,
  "requires": true,
  "packages": {
    "": {
      "name": "cleatapi-cli",
      "version": "0.1.0",
      "license": "MIT",
      "dependencies": {
        "cleatapi": "^0.1.0"
      },
      "bin": {
        "cleat": "bin/cleat.js",
        "cleatapi": "bin/cleat.js"
      },
      "engines": {
        "node": ">=20"
      }
    },
    "node_modules/cleatapi": {
      "version": "0.1.0",
      "resolved": "https://registry.npmjs.org/cleatapi/-/cleatapi-0.1.0.tgz",
      "integrity": "sha512-mb/aan0MQo0xv6txfZWUY0Cdn+5bCnocoUK0OFxiXFjs4JxP4EOzwIIh4+nbTf6q9PgDKwDLMhTfsqTM7lruOg==",
      "license": "MIT",
      "engines": {
        "node": ">=18"
      }
    }
  }
}
